
Microsoft Visual Studio Solution File, Format Version 12.00
# Visual Studio 15
VisualStudioVersion = 15.0.28010.2048
MinimumVisualStudioVersion = 10.0.40219.1
Project("{FAE04EC0-301F-11D3-BF4B-00C04F79EFBC}") = "YamlLoader", "YamlLoader\YamlLoader.csproj", "{88DE33A9-1223-42EE-B6A3-35C656AD06FE}"
EndProject
Global
	GlobalSection(SolutionConfigurationPlatforms) = preSolution
		Debug|Any CPU = Debug|Any CPU
		Release|Any CPU = Release|Any CPU
	EndGlobalSection
	GlobalSection(ProjectConfigurationPlatforms) = postSolution
		{88DE33A9-1223-42EE-B6A3-35C656AD06FE}.Debug|Any CPU.ActiveCfg = Debug|Any CPU
		{88DE33A9-1223-42EE-B6A3-35C656AD06FE}.Debug|Any CPU.Build.0 = Debug|Any CPU
		{88DE33A9-1223-42EE-B6A3-35C656AD06FE}.Release|Any CPU.ActiveCfg = Release|Any CPU
		{88DE33A9-1223-42EE-B6A3-35C656AD06FE}.Release|Any CPU.Build.0 = Release|Any CPU
	EndGlobalSection
	GlobalSection(SolutionProperties) = preSolution
		HideSolutionNode = FALSE
	EndGlobalSection
	GlobalSection(ExtensibilityGlobals) = postSolution
		SolutionGuid = {6B860382-58F7-429A-AC52-CBA897D0F55B}
	EndGlobalSection
EndGlobal
