
Microsoft Visual Studio Solution File, Format Version 12.00
# Visual Studio 15
VisualStudioVersion = 15.0.28010.2048
MinimumVisualStudioVersion = 10.0.40219.1
Project("{9A19103F-16F7-4668-BE54-9A1E7A4F7556}") = "YamlLoader", "src\YamlLoader\YamlLoader.csproj", "{88DE33A9-1223-42EE-B6A3-35C656AD06FE}"
EndProject
Project("{2150E333-8FDC-42A3-9474-1A3956D46DE8}") = "test", "test", "{5FF2336E-F325-4FE3-9C3B-DBB08890F6E2}"
EndProject
Project("{2150E333-8FDC-42A3-9474-1A3956D46DE8}") = "src", "src", "{D8D72FC2-C210-433E-BD7C-97DFA49D6B4B}"
EndProject
Project("{FAE04EC0-301F-11D3-BF4B-00C04F79EFBC}") = "YamlLoaderTest", "test\YamlLoaderTest\YamlLoaderTest.csproj", "{4C775D00-3315-491E-B5D2-131387ACCBAE}"
EndProject
Project("{2150E333-8FDC-42A3-9474-1A3956D46DE8}") = "test_sample", "test_sample", "{7CAF67EA-6861-4ADE-8577-0BE316053C1F}"
EndProject
Project("{FAE04EC0-301F-11D3-BF4B-00C04F79EFBC}") = "VerifyYamlLoaderWebApp", "test_sample\VerifyYamlLoaderWebApp\VerifyYamlLoaderWebApp.csproj", "{E7F06C99-2DA8-4E84-A37F-FBDD49B0F48E}"
EndProject
Global
	GlobalSection(SolutionConfigurationPlatforms) = preSolution
		Debug|Any CPU = Debug|Any CPU
		Release|Any CPU = Release|Any CPU
	EndGlobalSection
	GlobalSection(ProjectConfigurationPlatforms) = postSolution
		{88DE33A9-1223-42EE-B6A3-35C656AD06FE}.Debug|Any CPU.ActiveCfg = Debug|Any CPU
		{88DE33A9-1223-42EE-B6A3-35C656AD06FE}.Debug|Any CPU.Build.0 = Debug|Any CPU
		{88DE33A9-1223-42EE-B6A3-35C656AD06FE}.Release|Any CPU.ActiveCfg = Release|Any CPU
		{88DE33A9-1223-42EE-B6A3-35C656AD06FE}.Release|Any CPU.Build.0 = Release|Any CPU
		{4C775D00-3315-491E-B5D2-131387ACCBAE}.Debug|Any CPU.ActiveCfg = Debug|Any CPU
		{4C775D00-3315-491E-B5D2-131387ACCBAE}.Debug|Any CPU.Build.0 = Debug|Any CPU
		{4C775D00-3315-491E-B5D2-131387ACCBAE}.Release|Any CPU.ActiveCfg = Release|Any CPU
		{4C775D00-3315-491E-B5D2-131387ACCBAE}.Release|Any CPU.Build.0 = Release|Any CPU
		{E7F06C99-2DA8-4E84-A37F-FBDD49B0F48E}.Debug|Any CPU.ActiveCfg = Debug|Any CPU
		{E7F06C99-2DA8-4E84-A37F-FBDD49B0F48E}.Debug|Any CPU.Build.0 = Debug|Any CPU
		{E7F06C99-2DA8-4E84-A37F-FBDD49B0F48E}.Release|Any CPU.ActiveCfg = Release|Any CPU
		{E7F06C99-2DA8-4E84-A37F-FBDD49B0F48E}.Release|Any CPU.Build.0 = Release|Any CPU
	EndGlobalSection
	GlobalSection(SolutionProperties) = preSolution
		HideSolutionNode = FALSE
	EndGlobalSection
	GlobalSection(NestedProjects) = preSolution
		{88DE33A9-1223-42EE-B6A3-35C656AD06FE} = {D8D72FC2-C210-433E-BD7C-97DFA49D6B4B}
		{4C775D00-3315-491E-B5D2-131387ACCBAE} = {5FF2336E-F325-4FE3-9C3B-DBB08890F6E2}
		{E7F06C99-2DA8-4E84-A37F-FBDD49B0F48E} = {7CAF67EA-6861-4ADE-8577-0BE316053C1F}
	EndGlobalSection
	GlobalSection(ExtensibilityGlobals) = postSolution
		SolutionGuid = {6B860382-58F7-429A-AC52-CBA897D0F55B}
	EndGlobalSection
EndGlobal
